
Microsoft Visual Studio Solution File, Format Version 12.00
# Visual Studio 15
VisualStudioVersion = 15.0.28307.1062
MinimumVisualStudioVersion = 10.0.40219.1
Project("{8BC9CEB8-8B4A-11D0-8D11-00A0C91BC942}") = "TWL01", "TWL01\TWL01.vcxproj", "{58682944-EA61-4D0D-9DE2-A820ECF6F6B5}"
EndProject
Global
	GlobalSection(SolutionConfigurationPlatforms) = preSolution
		Debug|x64 = Debug|x64
		Debug|x86 = Debug|x86
		Release|x64 = Release|x64
		Release|x86 = Release|x86
	EndGlobalSection
	GlobalSection(ProjectConfigurationPlatforms) = postSolution
		{58682944-EA61-4D0D-9DE2-A820ECF6F6B5}.Debug|x64.ActiveCfg = Debug|x64
		{58682944-EA61-4D0D-9DE2-A820ECF6F6B5}.Debug|x64.Build.0 = Debug|x64
		{58682944-EA61-4D0D-9DE2-A820ECF6F6B5}.Debug|x86.ActiveCfg = Debug|Win32
		{58682944-EA61-4D0D-9DE2-A820ECF6F6B5}.Debug|x86.Build.0 = Debug|Win32
		{58682944-EA61-4D0D-9DE2-A820ECF6F6B5}.Release|x64.ActiveCfg = Release|x64
		{58682944-EA61-4D0D-9DE2-A820ECF6F6B5}.Release|x64.Build.0 = Release|x64
		{58682944-EA61-4D0D-9DE2-A820ECF6F6B5}.Release|x86.ActiveCfg = Release|Win32
		{58682944-EA61-4D0D-9DE2-A820ECF6F6B5}.Release|x86.Build.0 = Release|Win32
	EndGlobalSection
	GlobalSection(SolutionProperties) = preSolution
		HideSolutionNode = FALSE
	EndGlobalSection
	GlobalSection(ExtensibilityGlobals) = postSolution
		SolutionGuid = {750E1927-5B92-4758-B99F-C91F7AA9ADD1}
	EndGlobalSection
EndGlobal
